// !$*UTF8*$!
{
	archiveVersion = 1;
	classes = {
	};
	objectVersion = 56;
	objects = {

/* Begin PBXBuildFile section */
		0000E0B42B7A811900ADAB6A /* StationView.swift in Sources */ = {isa = PBXBuildFile; fileRef = 0000E0B32B7A811900ADAB6A /* StationView.swift */; };
		0000E0B62B7A813300ADAB6A /* MainViewModel.swift in Sources */ = {isa = PBXBuildFile; fileRef = 0000E0B52B7A813300ADAB6A /* MainViewModel.swift */; };
		0003850B2B8FA6AC006B34CA /* AppSettings.swift in Sources */ = {isa = PBXBuildFile; fileRef = 0003850A2B8FA6AC006B34CA /* AppSettings.swift */; };
		0044CA882B90A7A800547C35 /* WeatherStations.swift in Sources */ = {isa = PBXBuildFile; fileRef = 0044CA872B90A7A800547C35 /* WeatherStations.swift */; };
		0044CA8B2B90A9D200547C35 /* MainScreen.swift in Sources */ = {isa = PBXBuildFile; fileRef = 0044CA8A2B90A9D200547C35 /* MainScreen.swift */; };
		0044CA8D2B90AF8C00547C35 /* StationsScreen.swift in Sources */ = {isa = PBXBuildFile; fileRef = 0044CA8C2B90AF8C00547C35 /* StationsScreen.swift */; };
		0044CA8F2B90B3FC00547C35 /* StarredScreen.swift in Sources */ = {isa = PBXBuildFile; fileRef = 0044CA8E2B90B3FC00547C35 /* StarredScreen.swift */; };
		0044CA912B9115E400547C35 /* MapScreen.swift in Sources */ = {isa = PBXBuildFile; fileRef = 0044CA902B9115E400547C35 /* MapScreen.swift */; };
		0044CA932B91167100547C35 /* SettingsScreen.swift in Sources */ = {isa = PBXBuildFile; fileRef = 0044CA922B91167100547C35 /* SettingsScreen.swift */; };
		004569272B7A945400FEEC44 /* StationListView.swift in Sources */ = {isa = PBXBuildFile; fileRef = 004569262B7A945400FEEC44 /* StationListView.swift */; };
		004569292B7A948600FEEC44 /* StationMapView.swift in Sources */ = {isa = PBXBuildFile; fileRef = 004569282B7A948600FEEC44 /* StationMapView.swift */; };
		0047C25D2B6F41D20039B04B /* WeatherStationsApp.swift in Sources */ = {isa = PBXBuildFile; fileRef = 0047C25C2B6F41D20039B04B /* WeatherStationsApp.swift */; };
		0047C25F2B6F41D20039B04B /* MainView.swift in Sources */ = {isa = PBXBuildFile; fileRef = 0047C25E2B6F41D20039B04B /* MainView.swift */; };
		0047C2612B6F41D30039B04B /* Assets.xcassets in Resources */ = {isa = PBXBuildFile; fileRef = 0047C2602B6F41D30039B04B /* Assets.xcassets */; };
		0047C2642B6F41D30039B04B /* Preview Assets.xcassets in Resources */ = {isa = PBXBuildFile; fileRef = 0047C2632B6F41D30039B04B /* Preview Assets.xcassets */; };
		00665ED22B8C31FC00FDE9BE /* SettingsView.swift in Sources */ = {isa = PBXBuildFile; fileRef = 00665ED12B8C31FC00FDE9BE /* SettingsView.swift */; };
		00717FB12B8D029700F7C086 /* SettingsViewModel.swift in Sources */ = {isa = PBXBuildFile; fileRef = 00717FB02B8D029700F7C086 /* SettingsViewModel.swift */; };
		00717FB32B8D0CCD00F7C086 /* HomeScreenTab.swift in Sources */ = {isa = PBXBuildFile; fileRef = 00717FB22B8D0CCD00F7C086 /* HomeScreenTab.swift */; };
		00717FB52B8D1C8900F7C086 /* Localizable.xcstrings in Resources */ = {isa = PBXBuildFile; fileRef = 00717FB42B8D1C8900F7C086 /* Localizable.xcstrings */; };
		0092CB6F2B7175A900A7E33F /* Station.swift in Sources */ = {isa = PBXBuildFile; fileRef = 0092CB6E2B7175A900A7E33F /* Station.swift */; };
		00B1101D2B7CF13000BE5F8D /* ErrorView.swift in Sources */ = {isa = PBXBuildFile; fileRef = 00B1101C2B7CF13000BE5F8D /* ErrorView.swift */; };
		00B110202B7D081900BE5F8D /* SettingsRepository.swift in Sources */ = {isa = PBXBuildFile; fileRef = 00B1101F2B7D081900BE5F8D /* SettingsRepository.swift */; };
		00B110222B7D25EB00BE5F8D /* SearchView.swift in Sources */ = {isa = PBXBuildFile; fileRef = 00B110212B7D25EB00BE5F8D /* SearchView.swift */; };
		00B5D3AA2B7BE26B00575D55 /* StationService.swift in Sources */ = {isa = PBXBuildFile; fileRef = 00B5D3A92B7BE26B00575D55 /* StationService.swift */; };
		00BB5EBA2B9206070082E930 /* View.swift in Sources */ = {isa = PBXBuildFile; fileRef = 00BB5EB92B9206070082E930 /* View.swift */; };
		00DBCCF72B7FC19E00EA5ADF /* StationPhotoView.swift in Sources */ = {isa = PBXBuildFile; fileRef = 00DBCCF62B7FC19E00EA5ADF /* StationPhotoView.swift */; };
		00DBCCF92B7FC1DA00EA5ADF /* StationPhotoViewModel.swift in Sources */ = {isa = PBXBuildFile; fileRef = 00DBCCF82B7FC1DA00EA5ADF /* StationPhotoViewModel.swift */; };
		00E04F532B8A1A21005E6935 /* String.swift in Sources */ = {isa = PBXBuildFile; fileRef = 00E04F522B8A1A21005E6935 /* String.swift */; };
		00E04F562B8A47A0005E6935 /* AutoHeightView.swift in Sources */ = {isa = PBXBuildFile; fileRef = 00E04F552B8A47A0005E6935 /* AutoHeightView.swift */; };
		00E04F582B8B30D1005E6935 /* StationHistoryView.swift in Sources */ = {isa = PBXBuildFile; fileRef = 00E04F572B8B30D1005E6935 /* StationHistoryView.swift */; };
		00E04F5A2B8B3129005E6935 /* StationHistoryViewModel.swift in Sources */ = {isa = PBXBuildFile; fileRef = 00E04F592B8B3129005E6935 /* StationHistoryViewModel.swift */; };
		00E04F5C2B8B8644005E6935 /* LocationService.swift in Sources */ = {isa = PBXBuildFile; fileRef = 00E04F5B2B8B8644005E6935 /* LocationService.swift */; };
/* End PBXBuildFile section */

/* Begin PBXFileReference section */
		0000E0B32B7A811900ADAB6A /* StationView.swift */ = {isa = PBXFileReference; lastKnownFileType = sourcecode.swift; path = StationView.swift; sourceTree = "<group>"; };
		0000E0B52B7A813300ADAB6A /* MainViewModel.swift */ = {isa = PBXFileReference; lastKnownFileType = sourcecode.swift; path = MainViewModel.swift; sourceTree = "<group>"; };
		0003850A2B8FA6AC006B34CA /* AppSettings.swift */ = {isa = PBXFileReference; lastKnownFileType = sourcecode.swift; path = AppSettings.swift; sourceTree = "<group>"; };
		0044CA872B90A7A800547C35 /* WeatherStations.swift */ = {isa = PBXFileReference; lastKnownFileType = sourcecode.swift; path = WeatherStations.swift; sourceTree = "<group>"; };
		0044CA8A2B90A9D200547C35 /* MainScreen.swift */ = {isa = PBXFileReference; lastKnownFileType = sourcecode.swift; path = MainScreen.swift; sourceTree = "<group>"; };
		0044CA8C2B90AF8C00547C35 /* StationsScreen.swift */ = {isa = PBXFileReference; lastKnownFileType = sourcecode.swift; path = StationsScreen.swift; sourceTree = "<group>"; };
		0044CA8E2B90B3FC00547C35 /* StarredScreen.swift */ = {isa = PBXFileReference; lastKnownFileType = sourcecode.swift; path = StarredScreen.swift; sourceTree = "<group>"; };
		0044CA902B9115E400547C35 /* MapScreen.swift */ = {isa = PBXFileReference; lastKnownFileType = sourcecode.swift; path = MapScreen.swift; sourceTree = "<group>"; };
		0044CA922B91167100547C35 /* SettingsScreen.swift */ = {isa = PBXFileReference; lastKnownFileType = sourcecode.swift; path = SettingsScreen.swift; sourceTree = "<group>"; };
		004569262B7A945400FEEC44 /* StationListView.swift */ = {isa = PBXFileReference; lastKnownFileType = sourcecode.swift; path = StationListView.swift; sourceTree = "<group>"; };
		004569282B7A948600FEEC44 /* StationMapView.swift */ = {isa = PBXFileReference; lastKnownFileType = sourcecode.swift; path = StationMapView.swift; sourceTree = "<group>"; };
		0047C2592B6F41D20039B04B /* WeatherStations.app */ = {isa = PBXFileReference; explicitFileType = wrapper.application; includeInIndex = 0; path = WeatherStations.app; sourceTree = BUILT_PRODUCTS_DIR; };
		0047C25C2B6F41D20039B04B /* WeatherStationsApp.swift */ = {isa = PBXFileReference; lastKnownFileType = sourcecode.swift; path = WeatherStationsApp.swift; sourceTree = "<group>"; };
		0047C25E2B6F41D20039B04B /* MainView.swift */ = {isa = PBXFileReference; lastKnownFileType = sourcecode.swift; path = MainView.swift; sourceTree = "<group>"; };
		0047C2602B6F41D30039B04B /* Assets.xcassets */ = {isa = PBXFileReference; lastKnownFileType = folder.assetcatalog; path = Assets.xcassets; sourceTree = "<group>"; };
		0047C2632B6F41D30039B04B /* Preview Assets.xcassets */ = {isa = PBXFileReference; lastKnownFileType = folder.assetcatalog; path = "Preview Assets.xcassets"; sourceTree = "<group>"; };
		00665ED12B8C31FC00FDE9BE /* SettingsView.swift */ = {isa = PBXFileReference; lastKnownFileType = sourcecode.swift; path = SettingsView.swift; sourceTree = "<group>"; };
		00717FB02B8D029700F7C086 /* SettingsViewModel.swift */ = {isa = PBXFileReference; lastKnownFileType = sourcecode.swift; path = SettingsViewModel.swift; sourceTree = "<group>"; };
		00717FB22B8D0CCD00F7C086 /* HomeScreenTab.swift */ = {isa = PBXFileReference; lastKnownFileType = sourcecode.swift; path = HomeScreenTab.swift; sourceTree = "<group>"; };
		00717FB42B8D1C8900F7C086 /* Localizable.xcstrings */ = {isa = PBXFileReference; lastKnownFileType = text.json.xcstrings; path = Localizable.xcstrings; sourceTree = "<group>"; };
		0092CB6E2B7175A900A7E33F /* Station.swift */ = {isa = PBXFileReference; lastKnownFileType = sourcecode.swift; path = Station.swift; sourceTree = "<group>"; };
		00B1101C2B7CF13000BE5F8D /* ErrorView.swift */ = {isa = PBXFileReference; lastKnownFileType = sourcecode.swift; path = ErrorView.swift; sourceTree = "<group>"; };
		00B1101F2B7D081900BE5F8D /* SettingsRepository.swift */ = {isa = PBXFileReference; lastKnownFileType = sourcecode.swift; path = SettingsRepository.swift; sourceTree = "<group>"; };
		00B110212B7D25EB00BE5F8D /* SearchView.swift */ = {isa = PBXFileReference; lastKnownFileType = sourcecode.swift; path = SearchView.swift; sourceTree = "<group>"; };
		00B5D3A92B7BE26B00575D55 /* StationService.swift */ = {isa = PBXFileReference; lastKnownFileType = sourcecode.swift; path = StationService.swift; sourceTree = "<group>"; };
		00BB5EB92B9206070082E930 /* View.swift */ = {isa = PBXFileReference; lastKnownFileType = sourcecode.swift; path = View.swift; sourceTree = "<group>"; };
		00DBCCF62B7FC19E00EA5ADF /* StationPhotoView.swift */ = {isa = PBXFileReference; lastKnownFileType = sourcecode.swift; path = StationPhotoView.swift; sourceTree = "<group>"; };
		00DBCCF82B7FC1DA00EA5ADF /* StationPhotoViewModel.swift */ = {isa = PBXFileReference; lastKnownFileType = sourcecode.swift; path = StationPhotoViewModel.swift; sourceTree = "<group>"; };
		00E04F522B8A1A21005E6935 /* String.swift */ = {isa = PBXFileReference; lastKnownFileType = sourcecode.swift; path = String.swift; sourceTree = "<group>"; };
		00E04F552B8A47A0005E6935 /* AutoHeightView.swift */ = {isa = PBXFileReference; lastKnownFileType = sourcecode.swift; path = AutoHeightView.swift; sourceTree = "<group>"; };
		00E04F572B8B30D1005E6935 /* StationHistoryView.swift */ = {isa = PBXFileReference; lastKnownFileType = sourcecode.swift; path = StationHistoryView.swift; sourceTree = "<group>"; };
		00E04F592B8B3129005E6935 /* StationHistoryViewModel.swift */ = {isa = PBXFileReference; lastKnownFileType = sourcecode.swift; path = StationHistoryViewModel.swift; sourceTree = "<group>"; };
		00E04F5B2B8B8644005E6935 /* LocationService.swift */ = {isa = PBXFileReference; lastKnownFileType = sourcecode.swift; path = LocationService.swift; sourceTree = "<group>"; };
/* End PBXFileReference section */

/* Begin PBXFrameworksBuildPhase section */
		0047C2562B6F41D10039B04B /* Frameworks */ = {
			isa = PBXFrameworksBuildPhase;
			buildActionMask = 2147483647;
			files = (
			);
			runOnlyForDeploymentPostprocessing = 0;
		};
/* End PBXFrameworksBuildPhase section */

/* Begin PBXGroup section */
		0000E0B22B7A80F300ADAB6A /* Components */ = {
			isa = PBXGroup;
			children = (
				00E04F552B8A47A0005E6935 /* AutoHeightView.swift */,
				0000E0B32B7A811900ADAB6A /* StationView.swift */,
				004569262B7A945400FEEC44 /* StationListView.swift */,
				004569282B7A948600FEEC44 /* StationMapView.swift */,
				00B1101C2B7CF13000BE5F8D /* ErrorView.swift */,
				00B110212B7D25EB00BE5F8D /* SearchView.swift */,
			);
			path = Components;
			sourceTree = "<group>";
		};
		0044CA892B90A9A600547C35 /* Screens */ = {
			isa = PBXGroup;
			children = (
				0044CA8A2B90A9D200547C35 /* MainScreen.swift */,
				0044CA8C2B90AF8C00547C35 /* StationsScreen.swift */,
				0044CA8E2B90B3FC00547C35 /* StarredScreen.swift */,
				0044CA902B9115E400547C35 /* MapScreen.swift */,
				0044CA922B91167100547C35 /* SettingsScreen.swift */,
			);
			path = Screens;
			sourceTree = "<group>";
		};
		0047C2502B6F41D10039B04B = {
			isa = PBXGroup;
			children = (
				00717FB42B8D1C8900F7C086 /* Localizable.xcstrings */,
				0047C25B2B6F41D20039B04B /* WeatherStations */,
				0047C25A2B6F41D20039B04B /* Products */,
			);
			sourceTree = "<group>";
		};
		0047C25A2B6F41D20039B04B /* Products */ = {
			isa = PBXGroup;
			children = (
				0047C2592B6F41D20039B04B /* WeatherStations.app */,
			);
			name = Products;
			sourceTree = "<group>";
		};
		0047C25B2B6F41D20039B04B /* WeatherStations */ = {
			isa = PBXGroup;
			children = (
				00E04F512B8A1A16005E6935 /* Extensions */,
				00B1101E2B7D081200BE5F8D /* Data */,
				0092CB6D2B71759500A7E33F /* Models */,
				0044CA892B90A9A600547C35 /* Screens */,
				00B5D3A82B7BE24F00575D55 /* Services */,
				00EAA0AC2B7954590081C1FF /* Views */,
				0047C25C2B6F41D20039B04B /* WeatherStationsApp.swift */,
				0047C2602B6F41D30039B04B /* Assets.xcassets */,
				0047C2622B6F41D30039B04B /* Preview Content */,
			);
			path = WeatherStations;
			sourceTree = "<group>";
		};
		0047C2622B6F41D30039B04B /* Preview Content */ = {
			isa = PBXGroup;
			children = (
				0047C2632B6F41D30039B04B /* Preview Assets.xcassets */,
			);
			path = "Preview Content";
			sourceTree = "<group>";
		};
		0092CB6D2B71759500A7E33F /* Models */ = {
			isa = PBXGroup;
			children = (
				0003850A2B8FA6AC006B34CA /* AppSettings.swift */,
				0092CB6E2B7175A900A7E33F /* Station.swift */,
				0044CA872B90A7A800547C35 /* WeatherStations.swift */,
			);
			path = Models;
			sourceTree = "<group>";
		};
		00B1101E2B7D081200BE5F8D /* Data */ = {
			isa = PBXGroup;
			children = (
				00B1101F2B7D081900BE5F8D /* SettingsRepository.swift */,
			);
			path = Data;
			sourceTree = "<group>";
		};
		00B5D3A82B7BE24F00575D55 /* Services */ = {
			isa = PBXGroup;
			children = (
				00B5D3A92B7BE26B00575D55 /* StationService.swift */,
				00E04F5B2B8B8644005E6935 /* LocationService.swift */,
			);
			path = Services;
			sourceTree = "<group>";
		};
		00E04F512B8A1A16005E6935 /* Extensions */ = {
			isa = PBXGroup;
			children = (
				00E04F522B8A1A21005E6935 /* String.swift */,
				00BB5EB92B9206070082E930 /* View.swift */,
			);
			path = Extensions;
			sourceTree = "<group>";
		};
		00EAA0AC2B7954590081C1FF /* Views */ = {
			isa = PBXGroup;
			children = (
				0000E0B22B7A80F300ADAB6A /* Components */,
				0047C25E2B6F41D20039B04B /* MainView.swift */,
				0000E0B52B7A813300ADAB6A /* MainViewModel.swift */,
				00DBCCF62B7FC19E00EA5ADF /* StationPhotoView.swift */,
				00DBCCF82B7FC1DA00EA5ADF /* StationPhotoViewModel.swift */,
				00E04F572B8B30D1005E6935 /* StationHistoryView.swift */,
				00E04F592B8B3129005E6935 /* StationHistoryViewModel.swift */,
				00665ED12B8C31FC00FDE9BE /* SettingsView.swift */,
				00717FB02B8D029700F7C086 /* SettingsViewModel.swift */,
				00717FB22B8D0CCD00F7C086 /* HomeScreenTab.swift */,
			);
			path = Views;
			sourceTree = "<group>";
		};
/* End PBXGroup section */

/* Begin PBXNativeTarget section */
		0047C2582B6F41D10039B04B /* WeatherStations */ = {
			isa = PBXNativeTarget;
			buildConfigurationList = 0047C2672B6F41D30039B04B /* Build configuration list for PBXNativeTarget "WeatherStations" */;
			buildPhases = (
				0047C2552B6F41D10039B04B /* Sources */,
				0047C2562B6F41D10039B04B /* Frameworks */,
				0047C2572B6F41D10039B04B /* Resources */,
			);
			buildRules = (
			);
			dependencies = (
			);
			name = WeatherStations;
			productName = WeatherStations;
			productReference = 0047C2592B6F41D20039B04B /* WeatherStations.app */;
			productType = "com.apple.product-type.application";
		};
/* End PBXNativeTarget section */

/* Begin PBXProject section */
		0047C2512B6F41D10039B04B /* Project object */ = {
			isa = PBXProject;
			attributes = {
				BuildIndependentTargetsInParallel = 1;
				LastSwiftUpdateCheck = 1500;
				LastUpgradeCheck = 1500;
				TargetAttributes = {
					0047C2582B6F41D10039B04B = {
						CreatedOnToolsVersion = 15.0.1;
					};
				};
			};
			buildConfigurationList = 0047C2542B6F41D10039B04B /* Build configuration list for PBXProject "WeatherStations" */;
			compatibilityVersion = "Xcode 14.0";
			developmentRegion = en;
			hasScannedForEncodings = 0;
			knownRegions = (
				en,
				Base,
				lt,
			);
			mainGroup = 0047C2502B6F41D10039B04B;
			productRefGroup = 0047C25A2B6F41D20039B04B /* Products */;
			projectDirPath = "";
			projectRoot = "";
			targets = (
				0047C2582B6F41D10039B04B /* WeatherStations */,
			);
		};
/* End PBXProject section */

/* Begin PBXResourcesBuildPhase section */
		0047C2572B6F41D10039B04B /* Resources */ = {
			isa = PBXResourcesBuildPhase;
			buildActionMask = 2147483647;
			files = (
				0047C2642B6F41D30039B04B /* Preview Assets.xcassets in Resources */,
				0047C2612B6F41D30039B04B /* Assets.xcassets in Resources */,
				00717FB52B8D1C8900F7C086 /* Localizable.xcstrings in Resources */,
			);
			runOnlyForDeploymentPostprocessing = 0;
		};
/* End PBXResourcesBuildPhase section */

/* Begin PBXSourcesBuildPhase section */
		0047C2552B6F41D10039B04B /* Sources */ = {
			isa = PBXSourcesBuildPhase;
			buildActionMask = 2147483647;
			files = (
				0044CA8B2B90A9D200547C35 /* MainScreen.swift in Sources */,
				00717FB32B8D0CCD00F7C086 /* HomeScreenTab.swift in Sources */,
				00DBCCF72B7FC19E00EA5ADF /* StationPhotoView.swift in Sources */,
				00E04F5A2B8B3129005E6935 /* StationHistoryViewModel.swift in Sources */,
				00DBCCF92B7FC1DA00EA5ADF /* StationPhotoViewModel.swift in Sources */,
				0044CA8F2B90B3FC00547C35 /* StarredScreen.swift in Sources */,
				004569292B7A948600FEEC44 /* StationMapView.swift in Sources */,
				0000E0B62B7A813300ADAB6A /* MainViewModel.swift in Sources */,
				0044CA932B91167100547C35 /* SettingsScreen.swift in Sources */,
				00E04F532B8A1A21005E6935 /* String.swift in Sources */,
				0044CA912B9115E400547C35 /* MapScreen.swift in Sources */,
				004569272B7A945400FEEC44 /* StationListView.swift in Sources */,
				00B5D3AA2B7BE26B00575D55 /* StationService.swift in Sources */,
				00B110202B7D081900BE5F8D /* SettingsRepository.swift in Sources */,
				00E04F582B8B30D1005E6935 /* StationHistoryView.swift in Sources */,
				0044CA882B90A7A800547C35 /* WeatherStations.swift in Sources */,
				0047C25F2B6F41D20039B04B /* MainView.swift in Sources */,
				00B1101D2B7CF13000BE5F8D /* ErrorView.swift in Sources */,
				0000E0B42B7A811900ADAB6A /* StationView.swift in Sources */,
				0092CB6F2B7175A900A7E33F /* Station.swift in Sources */,
				00E04F562B8A47A0005E6935 /* AutoHeightView.swift in Sources */,
				0044CA8D2B90AF8C00547C35 /* StationsScreen.swift in Sources */,
				00717FB12B8D029700F7C086 /* SettingsViewModel.swift in Sources */,
				00BB5EBA2B9206070082E930 /* View.swift in Sources */,
				0047C25D2B6F41D20039B04B /* WeatherStationsApp.swift in Sources */,
				0003850B2B8FA6AC006B34CA /* AppSettings.swift in Sources */,
				00E04F5C2B8B8644005E6935 /* LocationService.swift in Sources */,
				00B110222B7D25EB00BE5F8D /* SearchView.swift in Sources */,
				00665ED22B8C31FC00FDE9BE /* SettingsView.swift in Sources */,
			);
			runOnlyForDeploymentPostprocessing = 0;
		};
/* End PBXSourcesBuildPhase section */

/* Begin XCBuildConfiguration section */
		0047C2652B6F41D30039B04B /* Debug */ = {
			isa = XCBuildConfiguration;
			buildSettings = {
				ALWAYS_SEARCH_USER_PATHS = NO;
				ASSETCATALOG_COMPILER_GENERATE_SWIFT_ASSET_SYMBOL_EXTENSIONS = YES;
				CLANG_ANALYZER_NONNULL = YES;
				CLANG_ANALYZER_NUMBER_OBJECT_CONVERSION = YES_AGGRESSIVE;
				CLANG_CXX_LANGUAGE_STANDARD = "gnu++20";
				CLANG_ENABLE_MODULES = YES;
				CLANG_ENABLE_OBJC_ARC = YES;
				CLANG_ENABLE_OBJC_WEAK = YES;
				CLANG_WARN_BLOCK_CAPTURE_AUTORELEASING = YES;
				CLANG_WARN_BOOL_CONVERSION = YES;
				CLANG_WARN_COMMA = YES;
				CLANG_WARN_CONSTANT_CONVERSION = YES;
				CLANG_WARN_DEPRECATED_OBJC_IMPLEMENTATIONS = YES;
				CLANG_WARN_DIRECT_OBJC_ISA_USAGE = YES_ERROR;
				CLANG_WARN_DOCUMENTATION_COMMENTS = YES;
				CLANG_WARN_EMPTY_BODY = YES;
				CLANG_WARN_ENUM_CONVERSION = YES;
				CLANG_WARN_INFINITE_RECURSION = YES;
				CLANG_WARN_INT_CONVERSION = YES;
				CLANG_WARN_NON_LITERAL_NULL_CONVERSION = YES;
				CLANG_WARN_OBJC_IMPLICIT_RETAIN_SELF = YES;
				CLANG_WARN_OBJC_LITERAL_CONVERSION = YES;
				CLANG_WARN_OBJC_ROOT_CLASS = YES_ERROR;
				CLANG_WARN_QUOTED_INCLUDE_IN_FRAMEWORK_HEADER = YES;
				CLANG_WARN_RANGE_LOOP_ANALYSIS = YES;
				CLANG_WARN_STRICT_PROTOTYPES = YES;
				CLANG_WARN_SUSPICIOUS_MOVE = YES;
				CLANG_WARN_UNGUARDED_AVAILABILITY = YES_AGGRESSIVE;
				CLANG_WARN_UNREACHABLE_CODE = YES;
				CLANG_WARN__DUPLICATE_METHOD_MATCH = YES;
				COPY_PHASE_STRIP = NO;
				DEBUG_INFORMATION_FORMAT = dwarf;
				ENABLE_STRICT_OBJC_MSGSEND = YES;
				ENABLE_TESTABILITY = YES;
				ENABLE_USER_SCRIPT_SANDBOXING = YES;
				GCC_C_LANGUAGE_STANDARD = gnu17;
				GCC_DYNAMIC_NO_PIC = NO;
				GCC_NO_COMMON_BLOCKS = YES;
				GCC_OPTIMIZATION_LEVEL = 0;
				GCC_PREPROCESSOR_DEFINITIONS = (
					"DEBUG=1",
					"$(inherited)",
				);
				GCC_WARN_64_TO_32_BIT_CONVERSION = YES;
				GCC_WARN_ABOUT_RETURN_TYPE = YES_ERROR;
				GCC_WARN_UNDECLARED_SELECTOR = YES;
				GCC_WARN_UNINITIALIZED_AUTOS = YES_AGGRESSIVE;
				GCC_WARN_UNUSED_FUNCTION = YES;
				GCC_WARN_UNUSED_VARIABLE = YES;
				IPHONEOS_DEPLOYMENT_TARGET = 17.0;
				LOCALIZATION_PREFERS_STRING_CATALOGS = YES;
				MTL_ENABLE_DEBUG_INFO = INCLUDE_SOURCE;
				MTL_FAST_MATH = YES;
				ONLY_ACTIVE_ARCH = YES;
				SDKROOT = iphoneos;
				SWIFT_ACTIVE_COMPILATION_CONDITIONS = "DEBUG $(inherited)";
				SWIFT_OPTIMIZATION_LEVEL = "-Onone";
			};
			name = Debug;
		};
		0047C2662B6F41D30039B04B /* Release */ = {
			isa = XCBuildConfiguration;
			buildSettings = {
				ALWAYS_SEARCH_USER_PATHS = NO;
				ASSETCATALOG_COMPILER_GENERATE_SWIFT_ASSET_SYMBOL_EXTENSIONS = YES;
				CLANG_ANALYZER_NONNULL = YES;
				CLANG_ANALYZER_NUMBER_OBJECT_CONVERSION = YES_AGGRESSIVE;
				CLANG_CXX_LANGUAGE_STANDARD = "gnu++20";
				CLANG_ENABLE_MODULES = YES;
				CLANG_ENABLE_OBJC_ARC = YES;
				CLANG_ENABLE_OBJC_WEAK = YES;
				CLANG_WARN_BLOCK_CAPTURE_AUTORELEASING = YES;
				CLANG_WARN_BOOL_CONVERSION = YES;
				CLANG_WARN_COMMA = YES;
				CLANG_WARN_CONSTANT_CONVERSION = YES;
				CLANG_WARN_DEPRECATED_OBJC_IMPLEMENTATIONS = YES;
				CLANG_WARN_DIRECT_OBJC_ISA_USAGE = YES_ERROR;
				CLANG_WARN_DOCUMENTATION_COMMENTS = YES;
				CLANG_WARN_EMPTY_BODY = YES;
				CLANG_WARN_ENUM_CONVERSION = YES;
				CLANG_WARN_INFINITE_RECURSION = YES;
				CLANG_WARN_INT_CONVERSION = YES;
				CLANG_WARN_NON_LITERAL_NULL_CONVERSION = YES;
				CLANG_WARN_OBJC_IMPLICIT_RETAIN_SELF = YES;
				CLANG_WARN_OBJC_LITERAL_CONVERSION = YES;
				CLANG_WARN_OBJC_ROOT_CLASS = YES_ERROR;
				CLANG_WARN_QUOTED_INCLUDE_IN_FRAMEWORK_HEADER = YES;
				CLANG_WARN_RANGE_LOOP_ANALYSIS = YES;
				CLANG_WARN_STRICT_PROTOTYPES = YES;
				CLANG_WARN_SUSPICIOUS_MOVE = YES;
				CLANG_WARN_UNGUARDED_AVAILABILITY = YES_AGGRESSIVE;
				CLANG_WARN_UNREACHABLE_CODE = YES;
				CLANG_WARN__DUPLICATE_METHOD_MATCH = YES;
				COPY_PHASE_STRIP = NO;
				DEBUG_INFORMATION_FORMAT = "dwarf-with-dsym";
				ENABLE_NS_ASSERTIONS = NO;
				ENABLE_STRICT_OBJC_MSGSEND = YES;
				ENABLE_USER_SCRIPT_SANDBOXING = YES;
				GCC_C_LANGUAGE_STANDARD = gnu17;
				GCC_NO_COMMON_BLOCKS = YES;
				GCC_WARN_64_TO_32_BIT_CONVERSION = YES;
				GCC_WARN_ABOUT_RETURN_TYPE = YES_ERROR;
				GCC_WARN_UNDECLARED_SELECTOR = YES;
				GCC_WARN_UNINITIALIZED_AUTOS = YES_AGGRESSIVE;
				GCC_WARN_UNUSED_FUNCTION = YES;
				GCC_WARN_UNUSED_VARIABLE = YES;
				IPHONEOS_DEPLOYMENT_TARGET = 17.0;
				LOCALIZATION_PREFERS_STRING_CATALOGS = YES;
				MTL_ENABLE_DEBUG_INFO = NO;
				MTL_FAST_MATH = YES;
				SDKROOT = iphoneos;
				SWIFT_COMPILATION_MODE = wholemodule;
				VALIDATE_PRODUCT = YES;
			};
			name = Release;
		};
		0047C2682B6F41D30039B04B /* Debug */ = {
			isa = XCBuildConfiguration;
			buildSettings = {
				ASSETCATALOG_COMPILER_APPICON_NAME = AppIcon;
				ASSETCATALOG_COMPILER_GLOBAL_ACCENT_COLOR_NAME = AccentColor;
				CODE_SIGN_STYLE = Automatic;
				CURRENT_PROJECT_VERSION = 1;
				DEVELOPMENT_ASSET_PATHS = "\"WeatherStations/Preview Content\"";
				DEVELOPMENT_TEAM = F8M83D6SB4;
				ENABLE_PREVIEWS = YES;
				GENERATE_INFOPLIST_FILE = YES;
				INFOPLIST_KEY_NSLocationAlwaysAndWhenInUseUsageDescription = "Access to your current location is requred to show distance to weather stations.";
				INFOPLIST_KEY_NSLocationUsageDescription = "Access to your current location is requred to show distance to weather stations.";
				INFOPLIST_KEY_NSLocationWhenInUseUsageDescription = "Access to your current location is requred to show distance to weather stations.";
				INFOPLIST_KEY_UIApplicationSceneManifest_Generation = YES;
				INFOPLIST_KEY_UIApplicationSupportsIndirectInputEvents = YES;
				INFOPLIST_KEY_UILaunchScreen_Generation = YES;
				INFOPLIST_KEY_UISupportedInterfaceOrientations_iPad = "UIInterfaceOrientationPortrait UIInterfaceOrientationPortraitUpsideDown UIInterfaceOrientationLandscapeLeft UIInterfaceOrientationLandscapeRight";
				INFOPLIST_KEY_UISupportedInterfaceOrientations_iPhone = "UIInterfaceOrientationPortrait UIInterfaceOrientationLandscapeLeft UIInterfaceOrientationLandscapeRight";
				LD_RUNPATH_SEARCH_PATHS = (
					"$(inherited)",
					"@executable_path/Frameworks",
				);
				MARKETING_VERSION = 1.0;
				PRODUCT_BUNDLE_IDENTIFIER = com.example.WeatherStations;
				PRODUCT_NAME = "$(TARGET_NAME)";
				SWIFT_EMIT_LOC_STRINGS = YES;
				SWIFT_VERSION = 5.0;
				TARGETED_DEVICE_FAMILY = "1,2";
			};
			name = Debug;
		};
		0047C2692B6F41D30039B04B /* Release */ = {
			isa = XCBuildConfiguration;
			buildSettings = {
				ASSETCATALOG_COMPILER_APPICON_NAME = AppIcon;
				ASSETCATALOG_COMPILER_GLOBAL_ACCENT_COLOR_NAME = AccentColor;
				CODE_SIGN_STYLE = Automatic;
				CURRENT_PROJECT_VERSION = 1;
				DEVELOPMENT_ASSET_PATHS = "\"WeatherStations/Preview Content\"";
				DEVELOPMENT_TEAM = F8M83D6SB4;
				ENABLE_PREVIEWS = YES;
				GENERATE_INFOPLIST_FILE = YES;
				INFOPLIST_KEY_NSLocationAlwaysAndWhenInUseUsageDescription = "Access to your current location is requred to show distance to weather stations.";
				INFOPLIST_KEY_NSLocationUsageDescription = "Access to your current location is requred to show distance to weather stations.";
				INFOPLIST_KEY_NSLocationWhenInUseUsageDescription = "Access to your current location is requred to show distance to weather stations.";
				INFOPLIST_KEY_UIApplicationSceneManifest_Generation = YES;
				INFOPLIST_KEY_UIApplicationSupportsIndirectInputEvents = YES;
				INFOPLIST_KEY_UILaunchScreen_Generation = YES;
				INFOPLIST_KEY_UISupportedInterfaceOrientations_iPad = "UIInterfaceOrientationPortrait UIInterfaceOrientationPortraitUpsideDown UIInterfaceOrientationLandscapeLeft UIInterfaceOrientationLandscapeRight";
				INFOPLIST_KEY_UISupportedInterfaceOrientations_iPhone = "UIInterfaceOrientationPortrait UIInterfaceOrientationLandscapeLeft UIInterfaceOrientationLandscapeRight";
				LD_RUNPATH_SEARCH_PATHS = (
					"$(inherited)",
					"@executable_path/Frameworks",
				);
				MARKETING_VERSION = 1.0;
				PRODUCT_BUNDLE_IDENTIFIER = com.example.WeatherStations;
				PRODUCT_NAME = "$(TARGET_NAME)";
				SWIFT_EMIT_LOC_STRINGS = YES;
				SWIFT_VERSION = 5.0;
				TARGETED_DEVICE_FAMILY = "1,2";
			};
			name = Release;
		};
/* End XCBuildConfiguration section */

/* Begin XCConfigurationList section */
		0047C2542B6F41D10039B04B /* Build configuration list for PBXProject "WeatherStations" */ = {
			isa = XCConfigurationList;
			buildConfigurations = (
				0047C2652B6F41D30039B04B /* Debug */,
				0047C2662B6F41D30039B04B /* Release */,
			);
			defaultConfigurationIsVisible = 0;
			defaultConfigurationName = Release;
		};
		0047C2672B6F41D30039B04B /* Build configuration list for PBXNativeTarget "WeatherStations" */ = {
			isa = XCConfigurationList;
			buildConfigurations = (
				0047C2682B6F41D30039B04B /* Debug */,
				0047C2692B6F41D30039B04B /* Release */,
			);
			defaultConfigurationIsVisible = 0;
			defaultConfigurationName = Release;
		};
/* End XCConfigurationList section */
	};
	rootObject = 0047C2512B6F41D10039B04B /* Project object */;
}
